{
    
"name": "LuaBeHavingSexWithUrMomOng",
    
"lockfileVersion": 3,
    
"requires": true,
    
"packages": {
    
    
"": {
    
    
    
"dependencies": {
    
    
    
    
"lua-format": "^1.4.1",
    
    
    
    
"luacodegen": "^1.0.2",
    
    
    
    
"luamin": "^1.0.4",
    
    
    
    
"luaparse": "^0.3.1"
    
    
    
}
    
    
},
    
    
"node_modules/lua-format": {
    
    
    
"version": "1.4.1",
    
    
    
"resolved": "https://registry.npmjs.org/lua-format/-/lua-format-1.4.1.tgz",
    
    
    
"integrity": "sha512-+szXHscQq0y88HvWvRqou31sZxmpHeaqpXFBwqGmOLLN7QUh3oSKEPDkWubglK/M0Kn6N8Op+gzvFXeo5MEBsw==",
    
    
    
"license": "ISC"
    
    
},
    
    
"node_modules/luacodegen": {
    
    
    
"version": "1.0.2",
    
    
    
"resolved": "https://registry.npmjs.org/luacodegen/-/luacodegen-1.0.2.tgz",
    
    
    
"integrity": "sha512-0Sj2f3xvzgB/sK2imoLUzAzlqisaUbzpDKA+NBkex+pl+lAms8CUJOa4Oda8x3Kd03WZM+RAKcUquVrEzWaEDA==",
    
    
    
"license": "ISC"
    
    
},
    
    
"node_modules/luamin": {
    
    
    
"version": "1.0.4",
    
    
    
"resolved": "https://registry.npmjs.org/luamin/-/luamin-1.0.4.tgz",
    
    
    
"integrity": "sha512-z1h0bclRD/QGsS/Dz4Skp9z0qPTmmm+IKcrCapGmdTczPWVdN9f9jk6WqkNrcifQr8+n9Pzsm9WkwpOH1JBUAQ==",
    
    
    
"license": "MIT",
    
    
    
"dependencies": {
    
    
    
    
"luaparse": "^0.2.1"
    
    
    
},
    
    
    
"bin": {
    
    
    
    
"luamin": "bin/luamin"
    
    
    
}
    
    
},
    
    
"node_modules/luamin/node_modules/luaparse": {
    
    
    
"version": "0.2.1",
    
    
    
"resolved": "https://registry.npmjs.org/luaparse/-/luaparse-0.2.1.tgz",
    
    
    
"integrity": "sha512-VKBcryd5nJte4ZNR29NOk8F/UkMipjeb4yoxcSS51z6QAzg9DXUC2WsfLniS0J1eh3pr/ZL3e9ha6V8fhoLbBQ==",
    
    
    
"license": "MIT",
    
    
    
"bin": {
    
    
    
    
"luaparse": "bin/luaparse"
    
    
    
}
    
    
},
    
    
"node_modules/luaparse": {
    
    
    
"version": "0.3.1",
    
    
    
"resolved": "https://registry.npmjs.org/luaparse/-/luaparse-0.3.1.tgz",
    
    
    
"integrity": "sha512-b21h2bFEbtGXmVqguHogbyrMAA0wOHyp9u/rx+w6Yc9pW1t9YjhGUsp87lYcp7pFRqSWN/PhFkrdIqKEUzRjjQ==",
    
    
    
"license": "MIT",
    
    
    
"bin": {
    
    
    
    
"luaparse": "bin/luaparse"
    
    
    
}
    
    
}
    
}
}
